
Microsoft Visual Studio Solution File, Format Version 12.00
# Visual Studio Version 16
VisualStudioVersion = 16.0.30320.27
MinimumVisualStudioVersion = 10.0.40219.1
Project("{FAE04EC0-301F-11D3-BF4B-00C04F79EFBC}") = "Heritage", "Heritage\Heritage.csproj", "{86592750-8D2C-485E-BEA5-B33E04A2B89C}"
EndProject
Global
	GlobalSection(SolutionConfigurationPlatforms) = preSolution
		Debug|Any CPU = Debug|Any CPU
		Release|Any CPU = Release|Any CPU
	EndGlobalSection
	GlobalSection(ProjectConfigurationPlatforms) = postSolution
		{86592750-8D2C-485E-BEA5-B33E04A2B89C}.Debug|Any CPU.ActiveCfg = Debug|Any CPU
		{86592750-8D2C-485E-BEA5-B33E04A2B89C}.Debug|Any CPU.Build.0 = Debug|Any CPU
		{86592750-8D2C-485E-BEA5-B33E04A2B89C}.Release|Any CPU.ActiveCfg = Release|Any CPU
		{86592750-8D2C-485E-BEA5-B33E04A2B89C}.Release|Any CPU.Build.0 = Release|Any CPU
	EndGlobalSection
	GlobalSection(SolutionProperties) = preSolution
		HideSolutionNode = FALSE
	EndGlobalSection
	GlobalSection(ExtensibilityGlobals) = postSolution
		SolutionGuid = {E0EAFB0C-2AC2-4682-A242-D6C1914B424E}
	EndGlobalSection
EndGlobal
